
Microsoft Visual Studio Solution File, Format Version 12.00
# Visual Studio 15
VisualStudioVersion = 15.0.27428.2043
MinimumVisualStudioVersion = 10.0.40219.1
Project("{FAE04EC0-301F-11D3-BF4B-00C04F79EFBC}") = "ObserverDemo", "ObserverDemo.csproj", "{40C75F23-E05F-4531-A47E-CAC4C399857B}"
EndProject
Global
	GlobalSection(SolutionConfigurationPlatforms) = preSolution
		Debug|Any CPU = Debug|Any CPU
		Release|Any CPU = Release|Any CPU
	EndGlobalSection
	GlobalSection(ProjectConfigurationPlatforms) = postSolution
		{40C75F23-E05F-4531-A47E-CAC4C399857B}.Debug|Any CPU.ActiveCfg = Debug|Any CPU
		{40C75F23-E05F-4531-A47E-CAC4C399857B}.Debug|Any CPU.Build.0 = Debug|Any CPU
		{40C75F23-E05F-4531-A47E-CAC4C399857B}.Release|Any CPU.ActiveCfg = Release|Any CPU
		{40C75F23-E05F-4531-A47E-CAC4C399857B}.Release|Any CPU.Build.0 = Release|Any CPU
	EndGlobalSection
	GlobalSection(SolutionProperties) = preSolution
		HideSolutionNode = FALSE
	EndGlobalSection
	GlobalSection(ExtensibilityGlobals) = postSolution
		SolutionGuid = {89C658F1-770C-44A6-B641-3352AE29245C}
	EndGlobalSection
EndGlobal
